
Microsoft Visual Studio Solution File, Format Version 12.00
# Visual Studio Version 17
VisualStudioVersion = 17.5.2.0
MinimumVisualStudioVersion = 10.0.40219.1
Project("{FAE04EC0-301F-11D3-BF4B-00C04F79EFBC}") = "BlazorBlogging", "BlazorBlogging.csproj", "{5C7210DD-DA52-DF6A-DC38-5AAC0EC6101E}"
EndProject
Project("{FAE04EC0-301F-11D3-BF4B-00C04F79EFBC}") = "BlazorBlogging.Shared", "BlazorBlogging.Shared\BlazorBlogging.Shared.csproj", "{CAF95358-6AD3-4BAF-AAE1-41ECFD086994}"
EndProject
Global
	GlobalSection(SolutionConfigurationPlatforms) = preSolution
		Debug|Any CPU = Debug|Any CPU
		Debug|x64 = Debug|x64
		Debug|x86 = Debug|x86
		Release|Any CPU = Release|Any CPU
		Release|x64 = Release|x64
		Release|x86 = Release|x86
	EndGlobalSection
	GlobalSection(ProjectConfigurationPlatforms) = postSolution
		{5C7210DD-DA52-DF6A-DC38-5AAC0EC6101E}.Debug|Any CPU.ActiveCfg = Debug|Any CPU
		{5C7210DD-DA52-DF6A-DC38-5AAC0EC6101E}.Debug|Any CPU.Build.0 = Debug|Any CPU
		{5C7210DD-DA52-DF6A-DC38-5AAC0EC6101E}.Debug|x64.ActiveCfg = Debug|Any CPU
		{5C7210DD-DA52-DF6A-DC38-5AAC0EC6101E}.Debug|x64.Build.0 = Debug|Any CPU
		{5C7210DD-DA52-DF6A-DC38-5AAC0EC6101E}.Debug|x86.ActiveCfg = Debug|Any CPU
		{5C7210DD-DA52-DF6A-DC38-5AAC0EC6101E}.Debug|x86.Build.0 = Debug|Any CPU
		{5C7210DD-DA52-DF6A-DC38-5AAC0EC6101E}.Release|Any CPU.ActiveCfg = Release|Any CPU
		{5C7210DD-DA52-DF6A-DC38-5AAC0EC6101E}.Release|Any CPU.Build.0 = Release|Any CPU
		{5C7210DD-DA52-DF6A-DC38-5AAC0EC6101E}.Release|x64.ActiveCfg = Release|Any CPU
		{5C7210DD-DA52-DF6A-DC38-5AAC0EC6101E}.Release|x64.Build.0 = Release|Any CPU
		{5C7210DD-DA52-DF6A-DC38-5AAC0EC6101E}.Release|x86.ActiveCfg = Release|Any CPU
		{5C7210DD-DA52-DF6A-DC38-5AAC0EC6101E}.Release|x86.Build.0 = Release|Any CPU
		{CAF95358-6AD3-4BAF-AAE1-41ECFD086994}.Debug|Any CPU.ActiveCfg = Debug|Any CPU
		{CAF95358-6AD3-4BAF-AAE1-41ECFD086994}.Debug|Any CPU.Build.0 = Debug|Any CPU
		{CAF95358-6AD3-4BAF-AAE1-41ECFD086994}.Debug|x64.ActiveCfg = Debug|Any CPU
		{CAF95358-6AD3-4BAF-AAE1-41ECFD086994}.Debug|x64.Build.0 = Debug|Any CPU
		{CAF95358-6AD3-4BAF-AAE1-41ECFD086994}.Debug|x86.ActiveCfg = Debug|Any CPU
		{CAF95358-6AD3-4BAF-AAE1-41ECFD086994}.Debug|x86.Build.0 = Debug|Any CPU
		{CAF95358-6AD3-4BAF-AAE1-41ECFD086994}.Release|Any CPU.ActiveCfg = Release|Any CPU
		{CAF95358-6AD3-4BAF-AAE1-41ECFD086994}.Release|Any CPU.Build.0 = Release|Any CPU
		{CAF95358-6AD3-4BAF-AAE1-41ECFD086994}.Release|x64.ActiveCfg = Release|Any CPU
		{CAF95358-6AD3-4BAF-AAE1-41ECFD086994}.Release|x64.Build.0 = Release|Any CPU
		{CAF95358-6AD3-4BAF-AAE1-41ECFD086994}.Release|x86.ActiveCfg = Release|Any CPU
		{CAF95358-6AD3-4BAF-AAE1-41ECFD086994}.Release|x86.Build.0 = Release|Any CPU
	EndGlobalSection
	GlobalSection(SolutionProperties) = preSolution
		HideSolutionNode = FALSE
	EndGlobalSection
	GlobalSection(ExtensibilityGlobals) = postSolution
		SolutionGuid = {09827081-9654-4187-B976-B83AE3C9AF8A}
	EndGlobalSection
EndGlobal
